memo = "e509a9bcab5d6637a46177f5244fea6aec0f944c5ea77e9c433f6a4b07f096d6"

[[projects]]
  name = "github.com/BurntSushi/toml"
  packages = ["."]
  revision = "b26d9c308763d68093482582cea63d69be07a0f0"
  version = "v0.3.0"

[[projects]]
  branch = "master"
  name = "github.com/GeertJohan/go.rice"
  packages = [".","embedded"]
  revision = "c02ca9a983da5807ddf7d796784928f5be4afd09"

[[projects]]
  name = "github.com/boltdb/bolt"
  packages = ["."]
  revision = "583e8937c61f1af6513608ccc75c97b6abdf4ff9"
  version = "v1.3.0"

[[projects]]
  name = "github.com/certifi/gocertifi"
  packages = ["."]
  revision = "03be5e6bb9874570ea7fb0961225d193cbc374c5"
  version = "2017.01.23"

[[projects]]
  branch = "master"
  name = "github.com/daaku/go.zipexe"
  packages = ["."]
  revision = "a5fe2436ffcb3236e175e5149162b41cd28bd27d"

[[projects]]
  name = "github.com/dimfeld/httptreemux"
  packages = ["."]
  revision = "86f7c217d9043ebc6adfd8e2ed04a0bb1e1db651"
  version = "v3.8.0"

[[projects]]
  name = "github.com/fsnotify/fsnotify"
  packages = ["."]
  revision = "629574ca2a5df945712d3079857300b5e4da0236"
  version = "v1.4.2"

[[projects]]
  branch = "master"
  name = "github.com/getsentry/raven-go"
  packages = ["."]
  revision = "b68337dbf03e7fbb53d9fd9b63fd09b28e8f13f7"

[[projects]]
  name = "github.com/gorilla/context"
  packages = ["."]
  revision = "1ea25387ff6f684839d82767c1733ff4d4d15d0a"
  version = "v1.1"

[[projects]]
  branch = "master"
  name = "github.com/gorilla/csrf"
  packages = ["."]
  revision = "0790a82825913cb077e3eb4f446023f46c3e931d"

[[projects]]
  name = "github.com/gorilla/securecookie"
  packages = ["."]
  revision = "667fe4e3466a040b780561fe9b51a83a3753eefc"
  version = "v1.1"

[[projects]]
  branch = "master"
  name = "github.com/hashicorp/hcl"
  packages = [".","hcl/ast","hcl/parser","hcl/scanner","hcl/strconv","hcl/token","json/parser","json/scanner","json/token"]
  revision = "630949a3c5fa3c613328e1b8256052cbc2327c9b"

[[projects]]
  branch = "master"
  name = "github.com/justinas/alice"
  packages = ["."]
  revision = "1051eaf52fcafdd87ead59d28b065f1fcb8274ec"

[[projects]]
  branch = "master"
  name = "github.com/kardianos/osext"
  packages = ["."]
  revision = "9d302b58e975387d0b4d9be876622c86cefe64be"

[[projects]]
  name = "github.com/magiconair/properties"
  packages = ["."]
  revision = "f917359f079a3759162704eaa8caeec3d01d9f91"
  version = "v1.7.2"

[[projects]]
  branch = "master"
  name = "github.com/mitchellh/mapstructure"
  packages = ["."]
  revision = "53818660ed4955e899c0bcafa97299a388bd7c8e"

[[projects]]
  branch = "master"
  name = "github.com/oxtoacart/bpool"
  packages = ["."]
  revision = "4e1c5567d7c2dd59fa4c7c83d34c2f3528b025d6"

[[projects]]
  name = "github.com/pelletier/go-buffruneio"
  packages = ["."]
  revision = "c37440a7cf42ac63b919c752ca73a85067e05992"
  version = "v0.2.0"

[[projects]]
  name = "github.com/pelletier/go-toml"
  packages = ["."]
  revision = "13d49d4606eb801b8f01ae542b4afc4c6ee3d84a"
  version = "v0.5.0"

[[projects]]
  name = "github.com/pkg/errors"
  packages = ["."]
  revision = "645ef00459ed84a119197bfb8d8205042c6df63d"
  version = "v0.8.0"

[[projects]]
  branch = "master"
  name = "github.com/russross/blackfriday"
  packages = ["."]
  revision = "b253417e1cb644d645a0a3bb1fa5034c8030127c"

[[projects]]
  branch = "master"
  name = "github.com/sergi/go-diff"
  packages = ["diffmatchpatch"]
  revision = "feef008d51ad2b3778f85d387ccf91735543008d"

[[projects]]
  branch = "master"
  name = "github.com/shurcooL/sanitized_anchor_name"
  packages = ["."]
  revision = "1dba4b3954bc059efc3991ec364f9f9a35f597d2"

[[projects]]
  branch = "master"
  name = "github.com/spf13/afero"
  packages = [".","mem"]
  revision = "9be650865eab0c12963d8753212f4f9c66cdcf12"

[[projects]]
  name = "github.com/spf13/cast"
  packages = ["."]
  revision = "acbeb36b902d72a7a4c18e8f3241075e7ab763e4"
  version = "v1.1.0"

[[projects]]
  branch = "master"
  name = "github.com/spf13/jwalterweatherman"
  packages = ["."]
  revision = "fa7ca7e836cf3a8bb4ebf799f472c12d7e903d66"

[[projects]]
  branch = "master"
  name = "github.com/spf13/pflag"
  packages = ["."]
  revision = "e453343e6260b4a3a89f1f0e10a2fbb07f8d9750"

[[projects]]
  branch = "master"
  name = "github.com/spf13/viper"
  packages = ["."]
  revision = "5d46e70da8c0b6f812e0b170b7a985753b5c63cb"

[[projects]]
  name = "github.com/src-d/gcfg"
  packages = [".","scanner","token","types"]
  revision = "f187355171c936ac84a82793659ebb4936bc1c23"
  version = "v1.3.0"

[[projects]]
  branch = "master"
  name = "golang.org/x/crypto"
  packages = ["bcrypt","blowfish","curve25519","ed25519","ed25519/internal/edwards25519","ssh","ssh/agent"]
  revision = "cbc3d0884eac986df6e78a039b8792e869bff863"

[[projects]]
  branch = "master"
  name = "golang.org/x/sys"
  packages = ["unix"]
  revision = "f3918c30c5c2cb527c0b071a27c35120a6c0719a"

[[projects]]
  branch = "master"
  name = "golang.org/x/text"
  packages = ["internal/gen","internal/triegen","internal/ucd","transform","unicode/cldr","unicode/norm"]
  revision = "f4b4367115ec2de254587813edaa901bc1c723a8"

[[projects]]
  name = "gopkg.in/src-d/go-billy.v2"
  packages = [".","osfs"]
  revision = "bf5cdf7d823be98aa2851ad3e1253cd11bcea1fe"
  version = "v2.0.1"

[[projects]]
  branch = "v4"
  name = "gopkg.in/src-d/go-git.v4"
  packages = [".","config","internal/revision","plumbing","plumbing/cache","plumbing/filemode","plumbing/format/config","plumbing/format/idxfile","plumbing/format/index","plumbing/format/objfile","plumbing/format/packfile","plumbing/format/pktline","plumbing/object","plumbing/protocol/packp","plumbing/protocol/packp/capability","plumbing/protocol/packp/sideband","plumbing/revlist","plumbing/storer","plumbing/transport","plumbing/transport/client","plumbing/transport/file","plumbing/transport/git","plumbing/transport/http","plumbing/transport/internal/common","plumbing/transport/server","plumbing/transport/ssh","storage","storage/filesystem","storage/filesystem/internal/dotgit","storage/memory","utils/binary","utils/diff","utils/ioutil","utils/merkletrie","utils/merkletrie/internal/frame","utils/merkletrie/noder"]
  revision = "36c78b9d1b1eea682703fb1cbb0f4f3144354389"

[[projects]]
  name = "gopkg.in/warnings.v0"
  packages = ["."]
  revision = "8a331561fe74dadba6edfc59f3be66c22c3b065d"
  version = "v0.1.1"

[[projects]]
  branch = "v2"
  name = "gopkg.in/yaml.v2"
  packages = ["."]
  revision = "cd8b52f8269e0feb286dfeef29f8fe4d5b397e0b"

[[projects]]
  branch = "master"
  name = "jba.io/go/auth"
  packages = ["."]
  revision = "c1ffafa12d6b625f981e13787cc81ed4e1c84f3e"

[[projects]]
  branch = "master"
  name = "jba.io/go/httputils"
  packages = ["."]
  revision = "d17f88c8294d422bd24a02df6145958839aa8680"
